
Microsoft Visual Studio Solution File, Format Version 12.00
# Visual Studio 15
VisualStudioVersion = 15.0.26730.16
MinimumVisualStudioVersion = 10.0.40219.1
Project("{FAE04EC0-301F-11D3-BF4B-00C04F79EFBC}") = "Web", "Web\Web.csproj", "{5D4D125C-6C88-410B-9246-EE85C2B53E1F}"
EndProject
Project("{FAE04EC0-301F-11D3-BF4B-00C04F79EFBC}") = "EBuy", "EBuy\EBuy.csproj", "{919F4E6D-C108-4033-9050-39C5FD514E1B}"
EndProject
Project("{FAE04EC0-301F-11D3-BF4B-00C04F79EFBC}") = "BLL", "BLL\BLL.csproj", "{24F8C9E4-8C5B-477A-8181-7D4FC23D51D4}"
EndProject
Project("{FAE04EC0-301F-11D3-BF4B-00C04F79EFBC}") = "DAL", "DAL\DAL.csproj", "{1E196A74-2CA8-47E7-9C68-8195711C59C6}"
EndProject
Project("{FAE04EC0-301F-11D3-BF4B-00C04F79EFBC}") = "IDAL", "IDAL\IDAL.csproj", "{08AF864F-C74E-4A47-AF48-0B242B7C3556}"
EndProject
Project("{FAE04EC0-301F-11D3-BF4B-00C04F79EFBC}") = "DALFactory", "DALFactory\DALFactory.csproj", "{F60264F2-9EFC-4BD3-BDA8-DB6F8B06D03D}"
EndProject
Project("{FAE04EC0-301F-11D3-BF4B-00C04F79EFBC}") = "Model", "Model\Model.csproj", "{8A402ED3-AF2F-41A0-903B-670F4190FE26}"
EndProject
Project("{FAE04EC0-301F-11D3-BF4B-00C04F79EFBC}") = "APP", "APP\APP.csproj", "{B6FA8109-6350-464C-B259-BEECACC647B5}"
EndProject
Global
	GlobalSection(SolutionConfigurationPlatforms) = preSolution
		Debug|Any CPU = Debug|Any CPU
		Release|Any CPU = Release|Any CPU
	EndGlobalSection
	GlobalSection(ProjectConfigurationPlatforms) = postSolution
		{5D4D125C-6C88-410B-9246-EE85C2B53E1F}.Debug|Any CPU.ActiveCfg = Debug|Any CPU
		{5D4D125C-6C88-410B-9246-EE85C2B53E1F}.Debug|Any CPU.Build.0 = Debug|Any CPU
		{5D4D125C-6C88-410B-9246-EE85C2B53E1F}.Release|Any CPU.ActiveCfg = Release|Any CPU
		{5D4D125C-6C88-410B-9246-EE85C2B53E1F}.Release|Any CPU.Build.0 = Release|Any CPU
		{919F4E6D-C108-4033-9050-39C5FD514E1B}.Debug|Any CPU.ActiveCfg = Debug|Any CPU
		{919F4E6D-C108-4033-9050-39C5FD514E1B}.Debug|Any CPU.Build.0 = Debug|Any CPU
		{919F4E6D-C108-4033-9050-39C5FD514E1B}.Release|Any CPU.ActiveCfg = Release|Any CPU
		{919F4E6D-C108-4033-9050-39C5FD514E1B}.Release|Any CPU.Build.0 = Release|Any CPU
		{24F8C9E4-8C5B-477A-8181-7D4FC23D51D4}.Debug|Any CPU.ActiveCfg = Debug|Any CPU
		{24F8C9E4-8C5B-477A-8181-7D4FC23D51D4}.Debug|Any CPU.Build.0 = Debug|Any CPU
		{24F8C9E4-8C5B-477A-8181-7D4FC23D51D4}.Release|Any CPU.ActiveCfg = Release|Any CPU
		{24F8C9E4-8C5B-477A-8181-7D4FC23D51D4}.Release|Any CPU.Build.0 = Release|Any CPU
		{1E196A74-2CA8-47E7-9C68-8195711C59C6}.Debug|Any CPU.ActiveCfg = Debug|Any CPU
		{1E196A74-2CA8-47E7-9C68-8195711C59C6}.Debug|Any CPU.Build.0 = Debug|Any CPU
		{1E196A74-2CA8-47E7-9C68-8195711C59C6}.Release|Any CPU.ActiveCfg = Release|Any CPU
		{1E196A74-2CA8-47E7-9C68-8195711C59C6}.Release|Any CPU.Build.0 = Release|Any CPU
		{08AF864F-C74E-4A47-AF48-0B242B7C3556}.Debug|Any CPU.ActiveCfg = Debug|Any CPU
		{08AF864F-C74E-4A47-AF48-0B242B7C3556}.Debug|Any CPU.Build.0 = Debug|Any CPU
		{08AF864F-C74E-4A47-AF48-0B242B7C3556}.Release|Any CPU.ActiveCfg = Release|Any CPU
		{08AF864F-C74E-4A47-AF48-0B242B7C3556}.Release|Any CPU.Build.0 = Release|Any CPU
		{F60264F2-9EFC-4BD3-BDA8-DB6F8B06D03D}.Debug|Any CPU.ActiveCfg = Debug|Any CPU
		{F60264F2-9EFC-4BD3-BDA8-DB6F8B06D03D}.Debug|Any CPU.Build.0 = Debug|Any CPU
		{F60264F2-9EFC-4BD3-BDA8-DB6F8B06D03D}.Release|Any CPU.ActiveCfg = Release|Any CPU
		{F60264F2-9EFC-4BD3-BDA8-DB6F8B06D03D}.Release|Any CPU.Build.0 = Release|Any CPU
		{8A402ED3-AF2F-41A0-903B-670F4190FE26}.Debug|Any CPU.ActiveCfg = Debug|Any CPU
		{8A402ED3-AF2F-41A0-903B-670F4190FE26}.Debug|Any CPU.Build.0 = Debug|Any CPU
		{8A402ED3-AF2F-41A0-903B-670F4190FE26}.Release|Any CPU.ActiveCfg = Release|Any CPU
		{8A402ED3-AF2F-41A0-903B-670F4190FE26}.Release|Any CPU.Build.0 = Release|Any CPU
		{B6FA8109-6350-464C-B259-BEECACC647B5}.Debug|Any CPU.ActiveCfg = Debug|Any CPU
		{B6FA8109-6350-464C-B259-BEECACC647B5}.Debug|Any CPU.Build.0 = Debug|Any CPU
		{B6FA8109-6350-464C-B259-BEECACC647B5}.Release|Any CPU.ActiveCfg = Release|Any CPU
		{B6FA8109-6350-464C-B259-BEECACC647B5}.Release|Any CPU.Build.0 = Release|Any CPU
	EndGlobalSection
	GlobalSection(SolutionProperties) = preSolution
		HideSolutionNode = FALSE
	EndGlobalSection
	GlobalSection(ExtensibilityGlobals) = postSolution
		SolutionGuid = {1DACAFED-4A40-4E70-B7A5-990147C7CCFE}
	EndGlobalSection
EndGlobal
